<?xml version="1.0" encoding="utf-8"?>
<Project ToolsVersion="4.0" xmlns="http://schemas.microsoft.com/developer/msbuild/2003">
  <ItemGroup>
    <Filter Include="Generated Files">
      <UniqueIdentifier>{ff6f8ff2-4179-44f7-88c3-e138042a707f}</UniqueIdentifier>
    </Filter>
    <Filter Include="Headers">
      <UniqueIdentifier>{93995380-89BD-4b04-88EB-625FBE52EBFB}</UniqueIdentifier>
      <Extensions>h;hh;hpp;hxx;hm;inl;inc;xsd</Extensions>
    </Filter>
    <Filter Include="Resources">
      <UniqueIdentifier>{67DA6AB6-F800-4c08-8B7A-83BB121AAD01}</UniqueIdentifier>
      <Extensions>rc;ico;cur;bmp;dlg;rc2;rct;bin;rgs;gif;jpg;jpeg;jpe;resx;tiff;tif;png;wav;mfcribbon-ms</Extensions>
    </Filter>
    <Filter Include="Source Code">
      <UniqueIdentifier>{4FC737F1-C7A5-4376-A066-2A32D752A2FF}</UniqueIdentifier>
      <Extensions>cpp;c;cc;cxx;def;odl;idl;hpj;bat;asm;asmx</Extensions>
    </Filter>
    <Filter Include="Examples">
      <UniqueIdentifier>{55d0d3e3-e6f6-4806-8a51-c254b0ef1cef}</UniqueIdentifier>
    </Filter>
    <Filter Include="Examples\_CEvent">
      <UniqueIdentifier>{63b97101-918b-4848-9b81-1ab5911fde53}</UniqueIdentifier>
    </Filter>
    <Filter Include="Examples\_CFile">
      <UniqueIdentifier>{6112a7df-0d03-4805-9c89-b55dc6ac1b98}</UniqueIdentifier>
    </Filter>
    <Filter Include="Examples\_COleVariant">
      <UniqueIdentifier>{c2712787-00a6-450e-ac3c-8efad0e396e6}</UniqueIdentifier>
    </Filter>
    <Filter Include="Abstract_Base">
      <UniqueIdentifier>{e8647525-1977-4f9c-bcb5-41fe70bfc62a}</UniqueIdentifier>
    </Filter>
    <Filter Include="Interface">
      <UniqueIdentifier>{02e42898-5210-46a3-a748-2a7248a4d5f7}</UniqueIdentifier>
    </Filter>
    <Filter Include="Examples\_CArchive">
      <UniqueIdentifier>{40c16f75-e4bf-40af-8a50-0741163d3e71}</UniqueIdentifier>
    </Filter>
    <Filter Include="Examples\_CArray">
      <UniqueIdentifier>{37f8aa3c-e8d2-48bf-b20e-86cc5429376c}</UniqueIdentifier>
    </Filter>
  </ItemGroup>
  <ItemGroup>
    <ClInclude Include="targetver.h">
      <Filter>Headers</Filter>
    </ClInclude>
    <ClInclude Include="Resource.h">
      <Filter>Headers</Filter>
    </ClInclude>
    <ClInclude Include="TheApp.hpp">
      <Filter>Headers</Filter>
    </ClInclude>
    <ClInclude Include="AboutDlg.hpp">
      <Filter>Headers</Filter>
    </ClInclude>
    <ClInclude Include="pch-MFC-Example-Snippets.hpp">
      <Filter>Headers</Filter>
    </ClInclude>
    <ClInclude Include="ExampleSnippetsDialog.hpp">
      <Filter>Headers</Filter>
    </ClInclude>
    <ClInclude Include="ExampleSnippetsDialogAutoProxy.hpp">
      <Filter>Headers</Filter>
    </ClInclude>
    <ClInclude Include="MFCExampleSnippets_h.h">
      <Filter>Generated Files</Filter>
    </ClInclude>
    <ClInclude Include="Examples\_CEvent\Calculate_Prime_Numbers.hpp">
      <Filter>Examples\_CEvent</Filter>
    </ClInclude>
    <ClInclude Include="Examples\_CEvent\Trivial_Usage.hpp">
      <Filter>Examples\_CEvent</Filter>
    </ClInclude>
    <ClInclude Include="Examples\_CFile\Write.hpp">
      <Filter>Examples\_CFile</Filter>
    </ClInclude>
    <ClInclude Include="Examples\Examples.hpp">
      <Filter>Examples</Filter>
    </ClInclude>
    <ClInclude Include="Examples\_CFile\GetStatus.hpp">
      <Filter>Examples\_CFile</Filter>
    </ClInclude>
    <ClInclude Include="Examples\_CFile\Open.hpp">
      <Filter>Examples\_CFile</Filter>
    </ClInclude>
    <ClInclude Include="Examples\_CFile\SetFilePath.hpp">
      <Filter>Examples\_CFile</Filter>
    </ClInclude>
    <ClInclude Include="Examples\_CFile\GetLength.hpp">
      <Filter>Examples\_CFile</Filter>
    </ClInclude>
    <ClInclude Include="Examples\_COleVariant\Ctors.hpp">
      <Filter>Examples\_COleVariant</Filter>
    </ClInclude>
    <ClInclude Include="Abstract_Base\Runnable_Example.hpp">
      <Filter>Abstract_Base</Filter>
    </ClInclude>
    <ClInclude Include="CRuntimeClass-Support.hpp">
      <Filter>Headers</Filter>
    </ClInclude>
    <ClInclude Include="Examples\_CArchive\Store_and_Load.hpp">
      <Filter>Examples\_CArchive</Filter>
    </ClInclude>
    <ClInclude Include="Examples\_CArchive\MapObject.hpp">
      <Filter>Examples\_CArchive</Filter>
    </ClInclude>
    <ClInclude Include="Examples\_CArchive\SerializeClass.hpp">
      <Filter>Examples\_CArchive</Filter>
    </ClInclude>
    <ClInclude Include="Examples\_CArchive\Compound.hpp">
      <Filter>Examples\_CArchive</Filter>
    </ClInclude>
    <ClInclude Include="Examples\_CArray\Add.hpp">
      <Filter>Examples\_CArray</Filter>
    </ClInclude>
    <ClInclude Include="Examples\_CArray\GetAt.hpp">
      <Filter>Examples\_CArray</Filter>
    </ClInclude>
    <ClInclude Include="Examples\_CArray\Append.hpp">
      <Filter>Examples\_CArray</Filter>
    </ClInclude>
    <ClInclude Include="Examples\_CArray\Copy.hpp">
      <Filter>Examples\_CArray</Filter>
    </ClInclude>
  </ItemGroup>
  <ItemGroup>
    <ClCompile Include="TheApp.cpp">
      <Filter>Source Code</Filter>
    </ClCompile>
    <ClCompile Include="AboutDlg.cpp">
      <Filter>Source Code</Filter>
    </ClCompile>
    <ClCompile Include="pch-MFC-Example-Snippets.cpp">
      <Filter>Source Code</Filter>
    </ClCompile>
    <ClCompile Include="ExampleSnippetsDialog.cpp">
      <Filter>Source Code</Filter>
    </ClCompile>
    <ClCompile Include="ExampleSnippetsDialogAutoProxy.cpp">
      <Filter>Source Code</Filter>
    </ClCompile>
    <ClCompile Include="MFCExampleSnippets_i.c">
      <Filter>Generated Files</Filter>
    </ClCompile>
    <ClCompile Include="Examples\_CEvent\Calculate_Prime_Numbers.cpp">
      <Filter>Examples\_CEvent</Filter>
    </ClCompile>
    <ClCompile Include="Examples\_CEvent\Trivial_Usage.cpp">
      <Filter>Examples\_CEvent</Filter>
    </ClCompile>
    <ClCompile Include="Examples\_CFile\Write.cpp">
      <Filter>Examples\_CFile</Filter>
    </ClCompile>
    <ClCompile Include="Examples\_CFile\GetStatus.cpp">
      <Filter>Examples\_CFile</Filter>
    </ClCompile>
    <ClCompile Include="Examples\_CFile\Open.cpp">
      <Filter>Examples\_CFile</Filter>
    </ClCompile>
    <ClCompile Include="Examples\_CFile\SetFilePath.cpp">
      <Filter>Examples\_CFile</Filter>
    </ClCompile>
    <ClCompile Include="Examples\_CFile\GetLength.cpp">
      <Filter>Examples\_CFile</Filter>
    </ClCompile>
    <ClCompile Include="Examples\_COleVariant\Ctors.cpp">
      <Filter>Examples\_COleVariant</Filter>
    </ClCompile>
    <ClCompile Include="Examples\_CArchive\Store_and_Load.cpp">
      <Filter>Examples\_CArchive</Filter>
    </ClCompile>
    <ClCompile Include="Examples\_CArchive\MapObject.cpp">
      <Filter>Examples\_CArchive</Filter>
    </ClCompile>
    <ClCompile Include="Examples\_CArchive\SerializeClass.cpp">
      <Filter>Examples\_CArchive</Filter>
    </ClCompile>
    <ClCompile Include="Examples\_CArchive\Compound.cpp">
      <Filter>Examples\_CArchive</Filter>
    </ClCompile>
    <ClCompile Include="Examples\_CArray\Add.cpp">
      <Filter>Examples\_CArray</Filter>
    </ClCompile>
    <ClCompile Include="Examples\_CArray\GetAt.cpp">
      <Filter>Examples\_CArray</Filter>
    </ClCompile>
    <ClCompile Include="Examples\_CArray\Append.cpp">
      <Filter>Examples\_CArray</Filter>
    </ClCompile>
    <ClCompile Include="Examples\_CArray\Copy.cpp">
      <Filter>Examples\_CArray</Filter>
    </ClCompile>
  </ItemGroup>
  <ItemGroup>
    <None Include="res\MFCExampleSnippets.rc2">
      <Filter>Resources</Filter>
    </None>
    <None Include="MFC-Example-Snippets.htm" />
    <None Include="MFC-Example-Snippets.reg" />
  </ItemGroup>
  <ItemGroup>
    <Image Include="res\MFC-Example-Snippets.ico">
      <Filter>Resources</Filter>
    </Image>
  </ItemGroup>
  <ItemGroup>
    <ResourceCompile Include="MFC-Example-Snippets.rc">
      <Filter>Resources</Filter>
    </ResourceCompile>
  </ItemGroup>
  <ItemGroup>
    <Midl Include="MFCExampleSnippets.idl">
      <Filter>Interface</Filter>
    </Midl>
  </ItemGroup>
</Project>